
Microsoft Visual Studio Solution File, Format Version 12.00
# Visual Studio Version 17
VisualStudioVersion = 17.5.33502.453
MinimumVisualStudioVersion = 10.0.40219.1
Project("{FAE04EC0-301F-11D3-BF4B-00C04F79EFBC}") = "FİNAL_5_Enum", "FİNAL_5_Enum\FİNAL_5_Enum.csproj", "{520E2C39-F998-4AEC-836B-7320BB85D8C8}"
EndProject
Global
	GlobalSection(SolutionConfigurationPlatforms) = preSolution
		Debug|Any CPU = Debug|Any CPU
		Release|Any CPU = Release|Any CPU
	EndGlobalSection
	GlobalSection(ProjectConfigurationPlatforms) = postSolution
		{520E2C39-F998-4AEC-836B-7320BB85D8C8}.Debug|Any CPU.ActiveCfg = Debug|Any CPU
		{520E2C39-F998-4AEC-836B-7320BB85D8C8}.Debug|Any CPU.Build.0 = Debug|Any CPU
		{520E2C39-F998-4AEC-836B-7320BB85D8C8}.Release|Any CPU.ActiveCfg = Release|Any CPU
		{520E2C39-F998-4AEC-836B-7320BB85D8C8}.Release|Any CPU.Build.0 = Release|Any CPU
	EndGlobalSection
	GlobalSection(SolutionProperties) = preSolution
		HideSolutionNode = FALSE
	EndGlobalSection
	GlobalSection(ExtensibilityGlobals) = postSolution
		SolutionGuid = {5389386A-3926-4518-A216-09E89484A0C2}
	EndGlobalSection
EndGlobal
