
Microsoft Visual Studio Solution File, Format Version 12.00
# Visual Studio Version 17
VisualStudioVersion = 17.5.33502.453
MinimumVisualStudioVersion = 10.0.40219.1
Project("{FAE04EC0-301F-11D3-BF4B-00C04F79EFBC}") = "hafat_4_Diziler", "hafat_4_Diziler\hafat_4_Diziler.csproj", "{892D4BCE-5945-4D5F-8F18-9ECD6DEF1CF6}"
EndProject
Global
	GlobalSection(SolutionConfigurationPlatforms) = preSolution
		Debug|Any CPU = Debug|Any CPU
		Release|Any CPU = Release|Any CPU
	EndGlobalSection
	GlobalSection(ProjectConfigurationPlatforms) = postSolution
		{892D4BCE-5945-4D5F-8F18-9ECD6DEF1CF6}.Debug|Any CPU.ActiveCfg = Debug|Any CPU
		{892D4BCE-5945-4D5F-8F18-9ECD6DEF1CF6}.Debug|Any CPU.Build.0 = Debug|Any CPU
		{892D4BCE-5945-4D5F-8F18-9ECD6DEF1CF6}.Release|Any CPU.ActiveCfg = Release|Any CPU
		{892D4BCE-5945-4D5F-8F18-9ECD6DEF1CF6}.Release|Any CPU.Build.0 = Release|Any CPU
	EndGlobalSection
	GlobalSection(SolutionProperties) = preSolution
		HideSolutionNode = FALSE
	EndGlobalSection
	GlobalSection(ExtensibilityGlobals) = postSolution
		SolutionGuid = {48F562E3-ED36-44F5-99A1-EBBA24C2FA3E}
	EndGlobalSection
EndGlobal
