
Microsoft Visual Studio Solution File, Format Version 12.00
# Visual Studio Version 17
VisualStudioVersion = 17.5.33502.453
MinimumVisualStudioVersion = 10.0.40219.1
Project("{FAE04EC0-301F-11D3-BF4B-00C04F79EFBC}") = "Hafta_5_checkbox", "Hafta_5_checkbox\Hafta_5_checkbox.csproj", "{CAB19946-9D2E-4571-AFA4-7FE1C8AFEB1D}"
EndProject
Global
	GlobalSection(SolutionConfigurationPlatforms) = preSolution
		Debug|Any CPU = Debug|Any CPU
		Release|Any CPU = Release|Any CPU
	EndGlobalSection
	GlobalSection(ProjectConfigurationPlatforms) = postSolution
		{CAB19946-9D2E-4571-AFA4-7FE1C8AFEB1D}.Debug|Any CPU.ActiveCfg = Debug|Any CPU
		{CAB19946-9D2E-4571-AFA4-7FE1C8AFEB1D}.Debug|Any CPU.Build.0 = Debug|Any CPU
		{CAB19946-9D2E-4571-AFA4-7FE1C8AFEB1D}.Release|Any CPU.ActiveCfg = Release|Any CPU
		{CAB19946-9D2E-4571-AFA4-7FE1C8AFEB1D}.Release|Any CPU.Build.0 = Release|Any CPU
	EndGlobalSection
	GlobalSection(SolutionProperties) = preSolution
		HideSolutionNode = FALSE
	EndGlobalSection
	GlobalSection(ExtensibilityGlobals) = postSolution
		SolutionGuid = {C1AB490B-2D71-493B-95DE-7D8AC320D3CE}
	EndGlobalSection
EndGlobal
