
Microsoft Visual Studio Solution File, Format Version 12.00
# Visual Studio Version 17
VisualStudioVersion = 17.5.33502.453
MinimumVisualStudioVersion = 10.0.40219.1
Project("{FAE04EC0-301F-11D3-BF4B-00C04F79EFBC}") = "Hafta2_for_döngüsü", "Hafta2_for_döngüsü\Hafta2_for_döngüsü.csproj", "{AF2C9E73-84C6-4863-A26A-60BF665D750A}"
EndProject
Global
	GlobalSection(SolutionConfigurationPlatforms) = preSolution
		Debug|Any CPU = Debug|Any CPU
		Release|Any CPU = Release|Any CPU
	EndGlobalSection
	GlobalSection(ProjectConfigurationPlatforms) = postSolution
		{AF2C9E73-84C6-4863-A26A-60BF665D750A}.Debug|Any CPU.ActiveCfg = Debug|Any CPU
		{AF2C9E73-84C6-4863-A26A-60BF665D750A}.Debug|Any CPU.Build.0 = Debug|Any CPU
		{AF2C9E73-84C6-4863-A26A-60BF665D750A}.Release|Any CPU.ActiveCfg = Release|Any CPU
		{AF2C9E73-84C6-4863-A26A-60BF665D750A}.Release|Any CPU.Build.0 = Release|Any CPU
	EndGlobalSection
	GlobalSection(SolutionProperties) = preSolution
		HideSolutionNode = FALSE
	EndGlobalSection
	GlobalSection(ExtensibilityGlobals) = postSolution
		SolutionGuid = {80959B2B-2EF9-4D5B-BE50-CE30F838E337}
	EndGlobalSection
EndGlobal
