
Microsoft Visual Studio Solution File, Format Version 12.00
# Visual Studio Version 17
VisualStudioVersion = 17.5.33502.453
MinimumVisualStudioVersion = 10.0.40219.1
Project("{FAE04EC0-301F-11D3-BF4B-00C04F79EFBC}") = "Hafta4_düzenli_diziler", "Hafta4_düzenli_diziler\Hafta4_düzenli_diziler.csproj", "{52ADFB41-7B93-4584-B1A5-EA17D9C320E6}"
EndProject
Global
	GlobalSection(SolutionConfigurationPlatforms) = preSolution
		Debug|Any CPU = Debug|Any CPU
		Release|Any CPU = Release|Any CPU
	EndGlobalSection
	GlobalSection(ProjectConfigurationPlatforms) = postSolution
		{52ADFB41-7B93-4584-B1A5-EA17D9C320E6}.Debug|Any CPU.ActiveCfg = Debug|Any CPU
		{52ADFB41-7B93-4584-B1A5-EA17D9C320E6}.Debug|Any CPU.Build.0 = Debug|Any CPU
		{52ADFB41-7B93-4584-B1A5-EA17D9C320E6}.Release|Any CPU.ActiveCfg = Release|Any CPU
		{52ADFB41-7B93-4584-B1A5-EA17D9C320E6}.Release|Any CPU.Build.0 = Release|Any CPU
	EndGlobalSection
	GlobalSection(SolutionProperties) = preSolution
		HideSolutionNode = FALSE
	EndGlobalSection
	GlobalSection(ExtensibilityGlobals) = postSolution
		SolutionGuid = {5C827E42-9222-4865-96C5-6C9EECD9EB62}
	EndGlobalSection
EndGlobal
