
Microsoft Visual Studio Solution File, Format Version 12.00
# Visual Studio Version 17
VisualStudioVersion = 17.5.33502.453
MinimumVisualStudioVersion = 10.0.40219.1
Project("{FAE04EC0-301F-11D3-BF4B-00C04F79EFBC}") = "Hafta3_while_tek çift", "Hafta3_while_tek çift\Hafta3_while_tek çift.csproj", "{AD4FA407-9435-485A-9F19-354B4694163D}"
EndProject
Global
	GlobalSection(SolutionConfigurationPlatforms) = preSolution
		Debug|Any CPU = Debug|Any CPU
		Release|Any CPU = Release|Any CPU
	EndGlobalSection
	GlobalSection(ProjectConfigurationPlatforms) = postSolution
		{AD4FA407-9435-485A-9F19-354B4694163D}.Debug|Any CPU.ActiveCfg = Debug|Any CPU
		{AD4FA407-9435-485A-9F19-354B4694163D}.Debug|Any CPU.Build.0 = Debug|Any CPU
		{AD4FA407-9435-485A-9F19-354B4694163D}.Release|Any CPU.ActiveCfg = Release|Any CPU
		{AD4FA407-9435-485A-9F19-354B4694163D}.Release|Any CPU.Build.0 = Release|Any CPU
	EndGlobalSection
	GlobalSection(SolutionProperties) = preSolution
		HideSolutionNode = FALSE
	EndGlobalSection
	GlobalSection(ExtensibilityGlobals) = postSolution
		SolutionGuid = {68FF51A3-C992-46E1-8587-66CD3486E859}
	EndGlobalSection
EndGlobal
