
Microsoft Visual Studio Solution File, Format Version 12.00
# Visual Studio Version 17
VisualStudioVersion = 17.5.33502.453
MinimumVisualStudioVersion = 10.0.40219.1
Project("{FAE04EC0-301F-11D3-BF4B-00C04F79EFBC}") = "Hafta6_metotlar_set_get_örnek", "Hafta6_metotlar_set_get_örnek\Hafta6_metotlar_set_get_örnek.csproj", "{0B1F3037-F873-44C0-A971-78CBC522DC31}"
EndProject
Global
	GlobalSection(SolutionConfigurationPlatforms) = preSolution
		Debug|Any CPU = Debug|Any CPU
		Release|Any CPU = Release|Any CPU
	EndGlobalSection
	GlobalSection(ProjectConfigurationPlatforms) = postSolution
		{0B1F3037-F873-44C0-A971-78CBC522DC31}.Debug|Any CPU.ActiveCfg = Debug|Any CPU
		{0B1F3037-F873-44C0-A971-78CBC522DC31}.Debug|Any CPU.Build.0 = Debug|Any CPU
		{0B1F3037-F873-44C0-A971-78CBC522DC31}.Release|Any CPU.ActiveCfg = Release|Any CPU
		{0B1F3037-F873-44C0-A971-78CBC522DC31}.Release|Any CPU.Build.0 = Release|Any CPU
	EndGlobalSection
	GlobalSection(SolutionProperties) = preSolution
		HideSolutionNode = FALSE
	EndGlobalSection
	GlobalSection(ExtensibilityGlobals) = postSolution
		SolutionGuid = {6A6725CE-E95E-480A-8627-37A9C88ADE79}
	EndGlobalSection
EndGlobal
