
Microsoft Visual Studio Solution File, Format Version 12.00
# Visual Studio Version 17
VisualStudioVersion = 17.5.33502.453
MinimumVisualStudioVersion = 10.0.40219.1
Project("{FAE04EC0-301F-11D3-BF4B-00C04F79EFBC}") = "hafta3_girilen sayı basak değer toplamı", "hafta3_girilen sayı basak değer toplamı\hafta3_girilen sayı basak değer toplamı.csproj", "{085902A8-A2E3-433B-9548-C3C98ECB0ABB}"
EndProject
Global
	GlobalSection(SolutionConfigurationPlatforms) = preSolution
		Debug|Any CPU = Debug|Any CPU
		Release|Any CPU = Release|Any CPU
	EndGlobalSection
	GlobalSection(ProjectConfigurationPlatforms) = postSolution
		{085902A8-A2E3-433B-9548-C3C98ECB0ABB}.Debug|Any CPU.ActiveCfg = Debug|Any CPU
		{085902A8-A2E3-433B-9548-C3C98ECB0ABB}.Debug|Any CPU.Build.0 = Debug|Any CPU
		{085902A8-A2E3-433B-9548-C3C98ECB0ABB}.Release|Any CPU.ActiveCfg = Release|Any CPU
		{085902A8-A2E3-433B-9548-C3C98ECB0ABB}.Release|Any CPU.Build.0 = Release|Any CPU
	EndGlobalSection
	GlobalSection(SolutionProperties) = preSolution
		HideSolutionNode = FALSE
	EndGlobalSection
	GlobalSection(ExtensibilityGlobals) = postSolution
		SolutionGuid = {92D968F9-7E9C-47CE-83C9-4BFDE98B746C}
	EndGlobalSection
EndGlobal
