
Microsoft Visual Studio Solution File, Format Version 12.00
# Visual Studio Version 17
VisualStudioVersion = 17.5.33502.453
MinimumVisualStudioVersion = 10.0.40219.1
Project("{FAE04EC0-301F-11D3-BF4B-00C04F79EFBC}") = "Hafta8_Çokbicimlilik_örnek2", "Hafta8_Çokbicimlilik_örnek2\Hafta8_Çokbicimlilik_örnek2.csproj", "{7DC58618-239D-4597-AE44-6B365CC11C89}"
EndProject
Global
	GlobalSection(SolutionConfigurationPlatforms) = preSolution
		Debug|Any CPU = Debug|Any CPU
		Release|Any CPU = Release|Any CPU
	EndGlobalSection
	GlobalSection(ProjectConfigurationPlatforms) = postSolution
		{7DC58618-239D-4597-AE44-6B365CC11C89}.Debug|Any CPU.ActiveCfg = Debug|Any CPU
		{7DC58618-239D-4597-AE44-6B365CC11C89}.Debug|Any CPU.Build.0 = Debug|Any CPU
		{7DC58618-239D-4597-AE44-6B365CC11C89}.Release|Any CPU.ActiveCfg = Release|Any CPU
		{7DC58618-239D-4597-AE44-6B365CC11C89}.Release|Any CPU.Build.0 = Release|Any CPU
	EndGlobalSection
	GlobalSection(SolutionProperties) = preSolution
		HideSolutionNode = FALSE
	EndGlobalSection
	GlobalSection(ExtensibilityGlobals) = postSolution
		SolutionGuid = {429C18DB-9B75-4F6C-8DF6-2BCC1C896009}
	EndGlobalSection
EndGlobal
