
Microsoft Visual Studio Solution File, Format Version 12.00
# Visual Studio Version 17
VisualStudioVersion = 17.5.33502.453
MinimumVisualStudioVersion = 10.0.40219.1
Project("{FAE04EC0-301F-11D3-BF4B-00C04F79EFBC}") = "Hafta1_form", "Hafta1_form\Hafta1_form.csproj", "{F4C60671-ABF9-4BD2-BD03-15373532CAFB}"
EndProject
Global
	GlobalSection(SolutionConfigurationPlatforms) = preSolution
		Debug|Any CPU = Debug|Any CPU
		Release|Any CPU = Release|Any CPU
	EndGlobalSection
	GlobalSection(ProjectConfigurationPlatforms) = postSolution
		{F4C60671-ABF9-4BD2-BD03-15373532CAFB}.Debug|Any CPU.ActiveCfg = Debug|Any CPU
		{F4C60671-ABF9-4BD2-BD03-15373532CAFB}.Debug|Any CPU.Build.0 = Debug|Any CPU
		{F4C60671-ABF9-4BD2-BD03-15373532CAFB}.Release|Any CPU.ActiveCfg = Release|Any CPU
		{F4C60671-ABF9-4BD2-BD03-15373532CAFB}.Release|Any CPU.Build.0 = Release|Any CPU
	EndGlobalSection
	GlobalSection(SolutionProperties) = preSolution
		HideSolutionNode = FALSE
	EndGlobalSection
	GlobalSection(ExtensibilityGlobals) = postSolution
		SolutionGuid = {B0FA7E22-2020-4266-A846-3B44F6BBBD62}
	EndGlobalSection
EndGlobal
