
Microsoft Visual Studio Solution File, Format Version 12.00
# Visual Studio Version 17
VisualStudioVersion = 17.5.33502.453
MinimumVisualStudioVersion = 10.0.40219.1
Project("{FAE04EC0-301F-11D3-BF4B-00C04F79EFBC}") = "Hafta6_Operatör_bölme__çarpma", "Hafta6_Operatör_bölme__çarpma\Hafta6_Operatör_bölme__çarpma.csproj", "{B9654FB4-899D-4E5D-AB52-94B340B0E05B}"
EndProject
Global
	GlobalSection(SolutionConfigurationPlatforms) = preSolution
		Debug|Any CPU = Debug|Any CPU
		Release|Any CPU = Release|Any CPU
	EndGlobalSection
	GlobalSection(ProjectConfigurationPlatforms) = postSolution
		{B9654FB4-899D-4E5D-AB52-94B340B0E05B}.Debug|Any CPU.ActiveCfg = Debug|Any CPU
		{B9654FB4-899D-4E5D-AB52-94B340B0E05B}.Debug|Any CPU.Build.0 = Debug|Any CPU
		{B9654FB4-899D-4E5D-AB52-94B340B0E05B}.Release|Any CPU.ActiveCfg = Release|Any CPU
		{B9654FB4-899D-4E5D-AB52-94B340B0E05B}.Release|Any CPU.Build.0 = Release|Any CPU
	EndGlobalSection
	GlobalSection(SolutionProperties) = preSolution
		HideSolutionNode = FALSE
	EndGlobalSection
	GlobalSection(ExtensibilityGlobals) = postSolution
		SolutionGuid = {09F77001-589A-477C-BF44-E011E2124F5C}
	EndGlobalSection
EndGlobal
