
Microsoft Visual Studio Solution File, Format Version 12.00
# Visual Studio Version 17
VisualStudioVersion = 17.5.33502.453
MinimumVisualStudioVersion = 10.0.40219.1
Project("{FAE04EC0-301F-11D3-BF4B-00C04F79EFBC}") = "Hafta2_çoklubuton_bit_dönüşümü", "Hafta2_çoklubuton_bit_dönüşümü\Hafta2_çoklubuton_bit_dönüşümü.csproj", "{175C0FE9-A0EF-4B92-B704-CD5E46F6E34C}"
EndProject
Global
	GlobalSection(SolutionConfigurationPlatforms) = preSolution
		Debug|Any CPU = Debug|Any CPU
		Release|Any CPU = Release|Any CPU
	EndGlobalSection
	GlobalSection(ProjectConfigurationPlatforms) = postSolution
		{175C0FE9-A0EF-4B92-B704-CD5E46F6E34C}.Debug|Any CPU.ActiveCfg = Debug|Any CPU
		{175C0FE9-A0EF-4B92-B704-CD5E46F6E34C}.Debug|Any CPU.Build.0 = Debug|Any CPU
		{175C0FE9-A0EF-4B92-B704-CD5E46F6E34C}.Release|Any CPU.ActiveCfg = Release|Any CPU
		{175C0FE9-A0EF-4B92-B704-CD5E46F6E34C}.Release|Any CPU.Build.0 = Release|Any CPU
	EndGlobalSection
	GlobalSection(SolutionProperties) = preSolution
		HideSolutionNode = FALSE
	EndGlobalSection
	GlobalSection(ExtensibilityGlobals) = postSolution
		SolutionGuid = {D5416D50-BC81-4E2A-817A-69418F79716A}
	EndGlobalSection
EndGlobal
