
Microsoft Visual Studio Solution File, Format Version 12.00
# Visual Studio Version 17
VisualStudioVersion = 17.5.33502.453
MinimumVisualStudioVersion = 10.0.40219.1
Project("{FAE04EC0-301F-11D3-BF4B-00C04F79EFBC}") = "Hafta_6_lab_Nesne", "Hafta_6_lab_Nesne\Hafta_6_lab_Nesne.csproj", "{966121C5-538E-4678-904D-7698633A960A}"
EndProject
Global
	GlobalSection(SolutionConfigurationPlatforms) = preSolution
		Debug|Any CPU = Debug|Any CPU
		Release|Any CPU = Release|Any CPU
	EndGlobalSection
	GlobalSection(ProjectConfigurationPlatforms) = postSolution
		{966121C5-538E-4678-904D-7698633A960A}.Debug|Any CPU.ActiveCfg = Debug|Any CPU
		{966121C5-538E-4678-904D-7698633A960A}.Debug|Any CPU.Build.0 = Debug|Any CPU
		{966121C5-538E-4678-904D-7698633A960A}.Release|Any CPU.ActiveCfg = Release|Any CPU
		{966121C5-538E-4678-904D-7698633A960A}.Release|Any CPU.Build.0 = Release|Any CPU
	EndGlobalSection
	GlobalSection(SolutionProperties) = preSolution
		HideSolutionNode = FALSE
	EndGlobalSection
	GlobalSection(ExtensibilityGlobals) = postSolution
		SolutionGuid = {A8ABDA47-08DF-48F2-A7ED-1A98E1636918}
	EndGlobalSection
EndGlobal
