
Microsoft Visual Studio Solution File, Format Version 12.00
# Visual Studio Version 17
VisualStudioVersion = 17.5.33502.453
MinimumVisualStudioVersion = 10.0.40219.1
Project("{FAE04EC0-301F-11D3-BF4B-00C04F79EFBC}") = "Dizilerde_Metotlar_SORT_BİNARSERACH", "Dizilerde_Metotlar_SORT_BİNARSERACH\Dizilerde_Metotlar_SORT_BİNARSERACH.csproj", "{17C09C97-0078-41E6-857B-1AA9791ADD33}"
EndProject
Global
	GlobalSection(SolutionConfigurationPlatforms) = preSolution
		Debug|Any CPU = Debug|Any CPU
		Release|Any CPU = Release|Any CPU
	EndGlobalSection
	GlobalSection(ProjectConfigurationPlatforms) = postSolution
		{17C09C97-0078-41E6-857B-1AA9791ADD33}.Debug|Any CPU.ActiveCfg = Debug|Any CPU
		{17C09C97-0078-41E6-857B-1AA9791ADD33}.Debug|Any CPU.Build.0 = Debug|Any CPU
		{17C09C97-0078-41E6-857B-1AA9791ADD33}.Release|Any CPU.ActiveCfg = Release|Any CPU
		{17C09C97-0078-41E6-857B-1AA9791ADD33}.Release|Any CPU.Build.0 = Release|Any CPU
	EndGlobalSection
	GlobalSection(SolutionProperties) = preSolution
		HideSolutionNode = FALSE
	EndGlobalSection
	GlobalSection(ExtensibilityGlobals) = postSolution
		SolutionGuid = {8A7DC395-A551-4566-983D-8F2664383CCA}
	EndGlobalSection
EndGlobal
