
Microsoft Visual Studio Solution File, Format Version 12.00
# Visual Studio Version 17
VisualStudioVersion = 17.5.33502.453
MinimumVisualStudioVersion = 10.0.40219.1
Project("{FAE04EC0-301F-11D3-BF4B-00C04F79EFBC}") = "Final_7_Kalıtım_2_personel", "Final_7_Kalıtım_2_personel\Final_7_Kalıtım_2_personel.csproj", "{D00AD050-D862-480D-B44F-423C5C85D0CF}"
EndProject
Global
	GlobalSection(SolutionConfigurationPlatforms) = preSolution
		Debug|Any CPU = Debug|Any CPU
		Release|Any CPU = Release|Any CPU
	EndGlobalSection
	GlobalSection(ProjectConfigurationPlatforms) = postSolution
		{D00AD050-D862-480D-B44F-423C5C85D0CF}.Debug|Any CPU.ActiveCfg = Debug|Any CPU
		{D00AD050-D862-480D-B44F-423C5C85D0CF}.Debug|Any CPU.Build.0 = Debug|Any CPU
		{D00AD050-D862-480D-B44F-423C5C85D0CF}.Release|Any CPU.ActiveCfg = Release|Any CPU
		{D00AD050-D862-480D-B44F-423C5C85D0CF}.Release|Any CPU.Build.0 = Release|Any CPU
	EndGlobalSection
	GlobalSection(SolutionProperties) = preSolution
		HideSolutionNode = FALSE
	EndGlobalSection
	GlobalSection(ExtensibilityGlobals) = postSolution
		SolutionGuid = {6F220312-611D-4363-B2C5-BC30737D7E4B}
	EndGlobalSection
EndGlobal
