
Microsoft Visual Studio Solution File, Format Version 12.00
# Visual Studio Version 17
VisualStudioVersion = 17.5.33502.453
MinimumVisualStudioVersion = 10.0.40219.1
Project("{FAE04EC0-301F-11D3-BF4B-00C04F79EFBC}") = "Hafta2_bit_tabanlı", "Hafta2_bit_tabanlı\Hafta2_bit_tabanlı.csproj", "{717A1FF2-41DA-45AC-B289-630CC71AD99C}"
EndProject
Global
	GlobalSection(SolutionConfigurationPlatforms) = preSolution
		Debug|Any CPU = Debug|Any CPU
		Release|Any CPU = Release|Any CPU
	EndGlobalSection
	GlobalSection(ProjectConfigurationPlatforms) = postSolution
		{717A1FF2-41DA-45AC-B289-630CC71AD99C}.Debug|Any CPU.ActiveCfg = Debug|Any CPU
		{717A1FF2-41DA-45AC-B289-630CC71AD99C}.Debug|Any CPU.Build.0 = Debug|Any CPU
		{717A1FF2-41DA-45AC-B289-630CC71AD99C}.Release|Any CPU.ActiveCfg = Release|Any CPU
		{717A1FF2-41DA-45AC-B289-630CC71AD99C}.Release|Any CPU.Build.0 = Release|Any CPU
	EndGlobalSection
	GlobalSection(SolutionProperties) = preSolution
		HideSolutionNode = FALSE
	EndGlobalSection
	GlobalSection(ExtensibilityGlobals) = postSolution
		SolutionGuid = {936FCE88-F2C9-4865-94D1-6F4198F4BCD1}
	EndGlobalSection
EndGlobal
