
Microsoft Visual Studio Solution File, Format Version 12.00
# Visual Studio Version 17
VisualStudioVersion = 17.5.33502.453
MinimumVisualStudioVersion = 10.0.40219.1
Project("{FAE04EC0-301F-11D3-BF4B-00C04F79EFBC}") = "FİNAL_8_KALITIM_3_öğrencibursu", "FİNAL_8_KALITIM_3_öğrencibursu\FİNAL_8_KALITIM_3_öğrencibursu.csproj", "{E5140694-E05E-460E-853A-5A4589157FED}"
EndProject
Global
	GlobalSection(SolutionConfigurationPlatforms) = preSolution
		Debug|Any CPU = Debug|Any CPU
		Release|Any CPU = Release|Any CPU
	EndGlobalSection
	GlobalSection(ProjectConfigurationPlatforms) = postSolution
		{E5140694-E05E-460E-853A-5A4589157FED}.Debug|Any CPU.ActiveCfg = Debug|Any CPU
		{E5140694-E05E-460E-853A-5A4589157FED}.Debug|Any CPU.Build.0 = Debug|Any CPU
		{E5140694-E05E-460E-853A-5A4589157FED}.Release|Any CPU.ActiveCfg = Release|Any CPU
		{E5140694-E05E-460E-853A-5A4589157FED}.Release|Any CPU.Build.0 = Release|Any CPU
	EndGlobalSection
	GlobalSection(SolutionProperties) = preSolution
		HideSolutionNode = FALSE
	EndGlobalSection
	GlobalSection(ExtensibilityGlobals) = postSolution
		SolutionGuid = {F84175FE-C8A1-4D4B-9E86-7607F4A13D4B}
	EndGlobalSection
EndGlobal
