
Microsoft Visual Studio Solution File, Format Version 12.00
# Visual Studio Version 17
VisualStudioVersion = 17.5.33502.453
MinimumVisualStudioVersion = 10.0.40219.1
Project("{FAE04EC0-301F-11D3-BF4B-00C04F79EFBC}") = "Hafta2_if_deyimi", "Hafta2_if_deyimi\Hafta2_if_deyimi.csproj", "{DA14329B-9CFC-48DC-8D90-432DC5DEDF5E}"
EndProject
Global
	GlobalSection(SolutionConfigurationPlatforms) = preSolution
		Debug|Any CPU = Debug|Any CPU
		Release|Any CPU = Release|Any CPU
	EndGlobalSection
	GlobalSection(ProjectConfigurationPlatforms) = postSolution
		{DA14329B-9CFC-48DC-8D90-432DC5DEDF5E}.Debug|Any CPU.ActiveCfg = Debug|Any CPU
		{DA14329B-9CFC-48DC-8D90-432DC5DEDF5E}.Debug|Any CPU.Build.0 = Debug|Any CPU
		{DA14329B-9CFC-48DC-8D90-432DC5DEDF5E}.Release|Any CPU.ActiveCfg = Release|Any CPU
		{DA14329B-9CFC-48DC-8D90-432DC5DEDF5E}.Release|Any CPU.Build.0 = Release|Any CPU
	EndGlobalSection
	GlobalSection(SolutionProperties) = preSolution
		HideSolutionNode = FALSE
	EndGlobalSection
	GlobalSection(ExtensibilityGlobals) = postSolution
		SolutionGuid = {73B4A76F-3850-459B-AB74-A49A2D8F2A09}
	EndGlobalSection
EndGlobal
